PODS:
  - Flutter (1.0.0)
  - integration_test (0.0.1):
    - Flutter
  - social_story_share (0.0.1):
    - Flutter

DEPENDENCIES:
  - Flutter (from `Flutter`)
  - integration_test (from `.symlinks/plugins/integration_test/ios`)
  - social_story_share (from `.symlinks/plugins/social_story_share/ios`)

EXTERNAL SOURCES:
  Flutter:
    :path: Flutter
  integration_test:
    :path: ".symlinks/plugins/integration_test/ios"
  social_story_share:
    :path: ".symlinks/plugins/social_story_share/ios"

SPEC CHECKSUMS:
  Flutter: cabc95a1d2626b1b06e7179b784ebcf0c0cde467
  integration_test: 4a889634ef21a45d28d50d622cf412dc6d9f586e
  social_story_share: e7a32b49712f0f68eefd4f6e802fc375f912a390

PODFILE CHECKSUM: 3c63482e143d1b91d2d2560aee9fb04ecc74ac7e

COCOAPODS: 1.16.2
